
Microsoft Visual Studio Solution File, Format Version 12.00
# Visual Studio 14
VisualStudioVersion = 14.0.25420.1
MinimumVisualStudioVersion = 10.0.40219.1
Project("{FAE04EC0-301F-11D3-BF4B-00C04F79EFBC}") = "SuggestionBox", "SuggestionBox\SuggestionBox.csproj", "{E0C03A05-1690-4F29-AFDE-1BE324084D1E}"
EndProject
Global
	GlobalSection(SolutionConfigurationPlatforms) = preSolution
		Debug|Any CPU = Debug|Any CPU
		Release|Any CPU = Release|Any CPU
	EndGlobalSection
	GlobalSection(ProjectConfigurationPlatforms) = postSolution
		{E0C03A05-1690-4F29-AFDE-1BE324084D1E}.Debug|Any CPU.ActiveCfg = Debug|Any CPU
		{E0C03A05-1690-4F29-AFDE-1BE324084D1E}.Debug|Any CPU.Build.0 = Debug|Any CPU
		{E0C03A05-1690-4F29-AFDE-1BE324084D1E}.Release|Any CPU.ActiveCfg = Release|Any CPU
		{E0C03A05-1690-4F29-AFDE-1BE324084D1E}.Release|Any CPU.Build.0 = Release|Any CPU
	EndGlobalSection
	GlobalSection(SolutionProperties) = preSolution
		HideSolutionNode = FALSE
	EndGlobalSection
EndGlobal
